{
  "name": "StOP",
  "lockfileVersion": 3,
  "requires": true,
  "packages": {
    "": {
      "dependencies": {
        "@vsirotin/ts-stop": "file:ts/ts-stop/vsirotin-ts-stop-0.0.1.tgz"
      }
    },
    "node_modules/@vsirotin/ts-stop": {
      "version": "0.0.1",
      "resolved": "file:ts/ts-stop/vsirotin-ts-stop-0.0.1.tgz",
      "integrity": "sha512-K2duEmp5/725sos5c5cn8NjQHntdYYVseZIuZlFIHueRjD8e+2kBE1K2vvHb1X4A9x/fLBiYDC7afwK6rkSuAw==",
      "license": "MIT"
    }
  }
}
