{
  "name": "@vsirotin/js-example",
  "version": "1.0.0",
  "lockfileVersion": 3,
  "requires": true,
  "packages": {
    "": {
      "name": "@vsirotin/js-example",
      "version": "1.0.0",
      "dependencies": {
        "@vsirotin/ts-stop": "0.0.1"
      }
    },
    "node_modules/@vsirotin/ts-stop": {
      "version": "0.0.1",
      "license": "MIT"
    }
  }
}
